
Microsoft Visual Studio Solution File, Format Version 12.00
# Visual Studio Version 17
VisualStudioVersion = 17.12.35527.113 d17.12
MinimumVisualStudioVersion = 10.0.40219.1
Project("{FAE04EC0-301F-11D3-BF4B-00C04F79EFBC}") = "ProccesController", "ProccesController.csproj", "{BCCF2363-E7E0-4C61-8DD7-31BC81427A0B}"
EndProject
Global
	GlobalSection(SolutionConfigurationPlatforms) = preSolution
		Debug|Any CPU = Debug|Any CPU
		Release|Any CPU = Release|Any CPU
	EndGlobalSection
	GlobalSection(ProjectConfigurationPlatforms) = postSolution
		{BCCF2363-E7E0-4C61-8DD7-31BC81427A0B}.Debug|Any CPU.ActiveCfg = Debug|Any CPU
		{BCCF2363-E7E0-4C61-8DD7-31BC81427A0B}.Debug|Any CPU.Build.0 = Debug|Any CPU
		{BCCF2363-E7E0-4C61-8DD7-31BC81427A0B}.Release|Any CPU.ActiveCfg = Release|Any CPU
		{BCCF2363-E7E0-4C61-8DD7-31BC81427A0B}.Release|Any CPU.Build.0 = Release|Any CPU
	EndGlobalSection
	GlobalSection(SolutionProperties) = preSolution
		HideSolutionNode = FALSE
	EndGlobalSection
EndGlobal
